
Microsoft Visual Studio Solution File, Format Version 12.00
# Visual Studio Version 16
VisualStudioVersion = 16.0.29709.97
MinimumVisualStudioVersion = 10.0.40219.1
Project("{FAE04EC0-301F-11D3-BF4B-00C04F79EFBC}") = "4GUI", "4GUI.csproj", "{296D5909-F5C7-43F4-A7BC-828C66DD26F3}"
EndProject
Global
	GlobalSection(SolutionConfigurationPlatforms) = preSolution
		Debug|Any CPU = Debug|Any CPU
		Release|Any CPU = Release|Any CPU
	EndGlobalSection
	GlobalSection(ProjectConfigurationPlatforms) = postSolution
		{296D5909-F5C7-43F4-A7BC-828C66DD26F3}.Debug|Any CPU.ActiveCfg = Debug|Any CPU
		{296D5909-F5C7-43F4-A7BC-828C66DD26F3}.Debug|Any CPU.Build.0 = Debug|Any CPU
		{296D5909-F5C7-43F4-A7BC-828C66DD26F3}.Release|Any CPU.ActiveCfg = Release|Any CPU
		{296D5909-F5C7-43F4-A7BC-828C66DD26F3}.Release|Any CPU.Build.0 = Release|Any CPU
	EndGlobalSection
	GlobalSection(SolutionProperties) = preSolution
		HideSolutionNode = FALSE
	EndGlobalSection
	GlobalSection(ExtensibilityGlobals) = postSolution
		SolutionGuid = {A2CF54B3-6EBD-41E4-93BD-6E2CBE171A98}
	EndGlobalSection
EndGlobal
